// !$*UTF8*$!
{
	archiveVersion = 1;
	classes = {
	};
	objectVersion = 56;
	objects = {

/* Begin PBXBuildFile section */
		C70AB65729E1595C00B7B54E /* MapAppSwiftUIApp.swift in Sources */ = {isa = PBXBuildFile; fileRef = C70AB65629E1595C00B7B54E /* MapAppSwiftUIApp.swift */; };
		C70AB65929E1595C00B7B54E /* ContentView.swift in Sources */ = {isa = PBXBuildFile; fileRef = C70AB65829E1595C00B7B54E /* ContentView.swift */; };
		C70AB65E29E1595D00B7B54E /* Preview Assets.xcassets in Resources */ = {isa = PBXBuildFile; fileRef = C70AB65D29E1595D00B7B54E /* Preview Assets.xcassets */; };
		C70AB66529E15BDF00B7B54E /* Assets.xcassets in Resources */ = {isa = PBXBuildFile; fileRef = C70AB66429E15BDF00B7B54E /* Assets.xcassets */; };
		C70AB66729E15C8F00B7B54E /* LocationsDataService.swift in Sources */ = {isa = PBXBuildFile; fileRef = C70AB66629E15C8F00B7B54E /* LocationsDataService.swift */; };
		C70AB66929E15CCD00B7B54E /* LocationModel.swift in Sources */ = {isa = PBXBuildFile; fileRef = C70AB66829E15CCD00B7B54E /* LocationModel.swift */; };
		C70AB67029E15F9E00B7B54E /* LocationsView.swift in Sources */ = {isa = PBXBuildFile; fileRef = C70AB66F29E15F9E00B7B54E /* LocationsView.swift */; };
		C763206929E1629700780E3B /* LocationsViewModel.swift in Sources */ = {isa = PBXBuildFile; fileRef = C763206829E1629700780E3B /* LocationsViewModel.swift */; };
		C763206C29E17A0D00780E3B /* TextExt.swift in Sources */ = {isa = PBXBuildFile; fileRef = C763206B29E17A0D00780E3B /* TextExt.swift */; };
		C763206E29E1D9F800780E3B /* LocationsListView.swift in Sources */ = {isa = PBXBuildFile; fileRef = C763206D29E1D9F800780E3B /* LocationsListView.swift */; };
/* End PBXBuildFile section */

/* Begin PBXFileReference section */
		C70AB65329E1595C00B7B54E /* MapAppSwiftUI.app */ = {isa = PBXFileReference; explicitFileType = wrapper.application; includeInIndex = 0; path = MapAppSwiftUI.app; sourceTree = BUILT_PRODUCTS_DIR; };
		C70AB65629E1595C00B7B54E /* MapAppSwiftUIApp.swift */ = {isa = PBXFileReference; lastKnownFileType = sourcecode.swift; path = MapAppSwiftUIApp.swift; sourceTree = "<group>"; };
		C70AB65829E1595C00B7B54E /* ContentView.swift */ = {isa = PBXFileReference; lastKnownFileType = sourcecode.swift; path = ContentView.swift; sourceTree = "<group>"; };
		C70AB65D29E1595D00B7B54E /* Preview Assets.xcassets */ = {isa = PBXFileReference; lastKnownFileType = folder.assetcatalog; path = "Preview Assets.xcassets"; sourceTree = "<group>"; };
		C70AB66429E15BDF00B7B54E /* Assets.xcassets */ = {isa = PBXFileReference; lastKnownFileType = folder.assetcatalog; name = Assets.xcassets; path = "../../../../Downloads/SwiftfulMapApp-Downloads/Assets.xcassets"; sourceTree = "<group>"; };
		C70AB66629E15C8F00B7B54E /* LocationsDataService.swift */ = {isa = PBXFileReference; fileEncoding = 4; lastKnownFileType = sourcecode.swift; path = LocationsDataService.swift; sourceTree = "<group>"; };
		C70AB66829E15CCD00B7B54E /* LocationModel.swift */ = {isa = PBXFileReference; lastKnownFileType = sourcecode.swift; path = LocationModel.swift; sourceTree = "<group>"; };
		C70AB66F29E15F9E00B7B54E /* LocationsView.swift */ = {isa = PBXFileReference; lastKnownFileType = sourcecode.swift; path = LocationsView.swift; sourceTree = "<group>"; };
		C763206829E1629700780E3B /* LocationsViewModel.swift */ = {isa = PBXFileReference; lastKnownFileType = sourcecode.swift; path = LocationsViewModel.swift; sourceTree = "<group>"; };
		C763206B29E17A0D00780E3B /* TextExt.swift */ = {isa = PBXFileReference; lastKnownFileType = sourcecode.swift; path = TextExt.swift; sourceTree = "<group>"; };
		C763206D29E1D9F800780E3B /* LocationsListView.swift */ = {isa = PBXFileReference; lastKnownFileType = sourcecode.swift; path = LocationsListView.swift; sourceTree = "<group>"; };
/* End PBXFileReference section */

/* Begin PBXFrameworksBuildPhase section */
		C70AB65029E1595C00B7B54E /* Frameworks */ = {
			isa = PBXFrameworksBuildPhase;
			buildActionMask = 2147483647;
			files = (
			);
			runOnlyForDeploymentPostprocessing = 0;
		};
/* End PBXFrameworksBuildPhase section */

/* Begin PBXGroup section */
		C70AB64A29E1595C00B7B54E = {
			isa = PBXGroup;
			children = (
				C70AB65529E1595C00B7B54E /* MapAppSwiftUI */,
				C70AB65429E1595C00B7B54E /* Products */,
			);
			sourceTree = "<group>";
		};
		C70AB65429E1595C00B7B54E /* Products */ = {
			isa = PBXGroup;
			children = (
				C70AB65329E1595C00B7B54E /* MapAppSwiftUI.app */,
			);
			name = Products;
			sourceTree = "<group>";
		};
		C70AB65529E1595C00B7B54E /* MapAppSwiftUI */ = {
			isa = PBXGroup;
			children = (
				C763206A29E17A0400780E3B /* Extensions */,
				C70AB65629E1595C00B7B54E /* MapAppSwiftUIApp.swift */,
				C70AB65829E1595C00B7B54E /* ContentView.swift */,
				C70AB66D29E15E1400B7B54E /* Services */,
				C70AB66C29E15E0600B7B54E /* Models */,
				C70AB66B29E15E0100B7B54E /* Views */,
				C70AB66A29E15DF800B7B54E /* ViewModels */,
				C70AB65C29E1595D00B7B54E /* Preview Content */,
				C70AB66429E15BDF00B7B54E /* Assets.xcassets */,
			);
			path = MapAppSwiftUI;
			sourceTree = "<group>";
		};
		C70AB65C29E1595D00B7B54E /* Preview Content */ = {
			isa = PBXGroup;
			children = (
				C70AB65D29E1595D00B7B54E /* Preview Assets.xcassets */,
			);
			path = "Preview Content";
			sourceTree = "<group>";
		};
		C70AB66A29E15DF800B7B54E /* ViewModels */ = {
			isa = PBXGroup;
			children = (
				C763206829E1629700780E3B /* LocationsViewModel.swift */,
			);
			path = ViewModels;
			sourceTree = "<group>";
		};
		C70AB66B29E15E0100B7B54E /* Views */ = {
			isa = PBXGroup;
			children = (
				C70AB66F29E15F9E00B7B54E /* LocationsView.swift */,
				C763206D29E1D9F800780E3B /* LocationsListView.swift */,
			);
			path = Views;
			sourceTree = "<group>";
		};
		C70AB66C29E15E0600B7B54E /* Models */ = {
			isa = PBXGroup;
			children = (
				C70AB66829E15CCD00B7B54E /* LocationModel.swift */,
			);
			path = Models;
			sourceTree = "<group>";
		};
		C70AB66D29E15E1400B7B54E /* Services */ = {
			isa = PBXGroup;
			children = (
				C70AB66629E15C8F00B7B54E /* LocationsDataService.swift */,
			);
			path = Services;
			sourceTree = "<group>";
		};
		C763206A29E17A0400780E3B /* Extensions */ = {
			isa = PBXGroup;
			children = (
				C763206B29E17A0D00780E3B /* TextExt.swift */,
			);
			path = Extensions;
			sourceTree = "<group>";
		};
/* End PBXGroup section */

/* Begin PBXNativeTarget section */
		C70AB65229E1595C00B7B54E /* MapAppSwiftUI */ = {
			isa = PBXNativeTarget;
			buildConfigurationList = C70AB66129E1595D00B7B54E /* Build configuration list for PBXNativeTarget "MapAppSwiftUI" */;
			buildPhases = (
				C70AB64F29E1595C00B7B54E /* Sources */,
				C70AB65029E1595C00B7B54E /* Frameworks */,
				C70AB65129E1595C00B7B54E /* Resources */,
			);
			buildRules = (
			);
			dependencies = (
			);
			name = MapAppSwiftUI;
			productName = MapAppSwiftUI;
			productReference = C70AB65329E1595C00B7B54E /* MapAppSwiftUI.app */;
			productType = "com.apple.product-type.application";
		};
/* End PBXNativeTarget section */

/* Begin PBXProject section */
		C70AB64B29E1595C00B7B54E /* Project object */ = {
			isa = PBXProject;
			attributes = {
				BuildIndependentTargetsInParallel = 1;
				LastSwiftUpdateCheck = 1420;
				LastUpgradeCheck = 1420;
				TargetAttributes = {
					C70AB65229E1595C00B7B54E = {
						CreatedOnToolsVersion = 14.2;
					};
				};
			};
			buildConfigurationList = C70AB64E29E1595C00B7B54E /* Build configuration list for PBXProject "MapAppSwiftUI" */;
			compatibilityVersion = "Xcode 14.0";
			developmentRegion = en;
			hasScannedForEncodings = 0;
			knownRegions = (
				en,
				Base,
			);
			mainGroup = C70AB64A29E1595C00B7B54E;
			productRefGroup = C70AB65429E1595C00B7B54E /* Products */;
			projectDirPath = "";
			projectRoot = "";
			targets = (
				C70AB65229E1595C00B7B54E /* MapAppSwiftUI */,
			);
		};
/* End PBXProject section */

/* Begin PBXResourcesBuildPhase section */
		C70AB65129E1595C00B7B54E /* Resources */ = {
			isa = PBXResourcesBuildPhase;
			buildActionMask = 2147483647;
			files = (
				C70AB65E29E1595D00B7B54E /* Preview Assets.xcassets in Resources */,
				C70AB66529E15BDF00B7B54E /* Assets.xcassets in Resources */,
			);
			runOnlyForDeploymentPostprocessing = 0;
		};
/* End PBXResourcesBuildPhase section */

/* Begin PBXSourcesBuildPhase section */
		C70AB64F29E1595C00B7B54E /* Sources */ = {
			isa = PBXSourcesBuildPhase;
			buildActionMask = 2147483647;
			files = (
				C70AB66929E15CCD00B7B54E /* LocationModel.swift in Sources */,
				C763206929E1629700780E3B /* LocationsViewModel.swift in Sources */,
				C70AB65929E1595C00B7B54E /* ContentView.swift in Sources */,
				C70AB67029E15F9E00B7B54E /* LocationsView.swift in Sources */,
				C763206C29E17A0D00780E3B /* TextExt.swift in Sources */,
				C763206E29E1D9F800780E3B /* LocationsListView.swift in Sources */,
				C70AB65729E1595C00B7B54E /* MapAppSwiftUIApp.swift in Sources */,
				C70AB66729E15C8F00B7B54E /* LocationsDataService.swift in Sources */,
			);
			runOnlyForDeploymentPostprocessing = 0;
		};
/* End PBXSourcesBuildPhase section */

/* Begin XCBuildConfiguration section */
		C70AB65F29E1595D00B7B54E /* Debug */ = {
			isa = XCBuildConfiguration;
			buildSettings = {
				ALWAYS_SEARCH_USER_PATHS = NO;
				CLANG_ANALYZER_NONNULL = YES;
				CLANG_ANALYZER_NUMBER_OBJECT_CONVERSION = YES_AGGRESSIVE;
				CLANG_CXX_LANGUAGE_STANDARD = "gnu++20";
				CLANG_ENABLE_MODULES = YES;
				CLANG_ENABLE_OBJC_ARC = YES;
				CLANG_ENABLE_OBJC_WEAK = YES;
				CLANG_WARN_BLOCK_CAPTURE_AUTORELEASING = YES;
				CLANG_WARN_BOOL_CONVERSION = YES;
				CLANG_WARN_COMMA = YES;
				CLANG_WARN_CONSTANT_CONVERSION = YES;
				CLANG_WARN_DEPRECATED_OBJC_IMPLEMENTATIONS = YES;
				CLANG_WARN_DIRECT_OBJC_ISA_USAGE = YES_ERROR;
				CLANG_WARN_DOCUMENTATION_COMMENTS = YES;
				CLANG_WARN_EMPTY_BODY = YES;
				CLANG_WARN_ENUM_CONVERSION = YES;
				CLANG_WARN_INFINITE_RECURSION = YES;
				CLANG_WARN_INT_CONVERSION = YES;
				CLANG_WARN_NON_LITERAL_NULL_CONVERSION = YES;
				CLANG_WARN_OBJC_IMPLICIT_RETAIN_SELF = YES;
				CLANG_WARN_OBJC_LITERAL_CONVERSION = YES;
				CLANG_WARN_OBJC_ROOT_CLASS = YES_ERROR;
				CLANG_WARN_QUOTED_INCLUDE_IN_FRAMEWORK_HEADER = YES;
				CLANG_WARN_RANGE_LOOP_ANALYSIS = YES;
				CLANG_WARN_STRICT_PROTOTYPES = YES;
				CLANG_WARN_SUSPICIOUS_MOVE = YES;
				CLANG_WARN_UNGUARDED_AVAILABILITY = YES_AGGRESSIVE;
				CLANG_WARN_UNREACHABLE_CODE = YES;
				CLANG_WARN__DUPLICATE_METHOD_MATCH = YES;
				COPY_PHASE_STRIP = NO;
				DEBUG_INFORMATION_FORMAT = dwarf;
				ENABLE_STRICT_OBJC_MSGSEND = YES;
				ENABLE_TESTABILITY = YES;
				GCC_C_LANGUAGE_STANDARD = gnu11;
				GCC_DYNAMIC_NO_PIC = NO;
				GCC_NO_COMMON_BLOCKS = YES;
				GCC_OPTIMIZATION_LEVEL = 0;
				GCC_PREPROCESSOR_DEFINITIONS = (
					"DEBUG=1",
					"$(inherited)",
				);
				GCC_WARN_64_TO_32_BIT_CONVERSION = YES;
				GCC_WARN_ABOUT_RETURN_TYPE = YES_ERROR;
				GCC_WARN_UNDECLARED_SELECTOR = YES;
				GCC_WARN_UNINITIALIZED_AUTOS = YES_AGGRESSIVE;
				GCC_WARN_UNUSED_FUNCTION = YES;
				GCC_WARN_UNUSED_VARIABLE = YES;
				IPHONEOS_DEPLOYMENT_TARGET = 16.2;
				MTL_ENABLE_DEBUG_INFO = INCLUDE_SOURCE;
				MTL_FAST_MATH = YES;
				ONLY_ACTIVE_ARCH = YES;
				SDKROOT = iphoneos;
				SWIFT_ACTIVE_COMPILATION_CONDITIONS = DEBUG;
				SWIFT_OPTIMIZATION_LEVEL = "-Onone";
			};
			name = Debug;
		};
		C70AB66029E1595D00B7B54E /* Release */ = {
			isa = XCBuildConfiguration;
			buildSettings = {
				ALWAYS_SEARCH_USER_PATHS = NO;
				CLANG_ANALYZER_NONNULL = YES;
				CLANG_ANALYZER_NUMBER_OBJECT_CONVERSION = YES_AGGRESSIVE;
				CLANG_CXX_LANGUAGE_STANDARD = "gnu++20";
				CLANG_ENABLE_MODULES = YES;
				CLANG_ENABLE_OBJC_ARC = YES;
				CLANG_ENABLE_OBJC_WEAK = YES;
				CLANG_WARN_BLOCK_CAPTURE_AUTORELEASING = YES;
				CLANG_WARN_BOOL_CONVERSION = YES;
				CLANG_WARN_COMMA = YES;
				CLANG_WARN_CONSTANT_CONVERSION = YES;
				CLANG_WARN_DEPRECATED_OBJC_IMPLEMENTATIONS = YES;
				CLANG_WARN_DIRECT_OBJC_ISA_USAGE = YES_ERROR;
				CLANG_WARN_DOCUMENTATION_COMMENTS = YES;
				CLANG_WARN_EMPTY_BODY = YES;
				CLANG_WARN_ENUM_CONVERSION = YES;
				CLANG_WARN_INFINITE_RECURSION = YES;
				CLANG_WARN_INT_CONVERSION = YES;
				CLANG_WARN_NON_LITERAL_NULL_CONVERSION = YES;
				CLANG_WARN_OBJC_IMPLICIT_RETAIN_SELF = YES;
				CLANG_WARN_OBJC_LITERAL_CONVERSION = YES;
				CLANG_WARN_OBJC_ROOT_CLASS = YES_ERROR;
				CLANG_WARN_QUOTED_INCLUDE_IN_FRAMEWORK_HEADER = YES;
				CLANG_WARN_RANGE_LOOP_ANALYSIS = YES;
				CLANG_WARN_STRICT_PROTOTYPES = YES;
				CLANG_WARN_SUSPICIOUS_MOVE = YES;
				CLANG_WARN_UNGUARDED_AVAILABILITY = YES_AGGRESSIVE;
				CLANG_WARN_UNREACHABLE_CODE = YES;
				CLANG_WARN__DUPLICATE_METHOD_MATCH = YES;
				COPY_PHASE_STRIP = NO;
				DEBUG_INFORMATION_FORMAT = "dwarf-with-dsym";
				ENABLE_NS_ASSERTIONS = NO;
				ENABLE_STRICT_OBJC_MSGSEND = YES;
				GCC_C_LANGUAGE_STANDARD = gnu11;
				GCC_NO_COMMON_BLOCKS = YES;
				GCC_WARN_64_TO_32_BIT_CONVERSION = YES;
				GCC_WARN_ABOUT_RETURN_TYPE = YES_ERROR;
				GCC_WARN_UNDECLARED_SELECTOR = YES;
				GCC_WARN_UNINITIALIZED_AUTOS = YES_AGGRESSIVE;
				GCC_WARN_UNUSED_FUNCTION = YES;
				GCC_WARN_UNUSED_VARIABLE = YES;
				IPHONEOS_DEPLOYMENT_TARGET = 16.2;
				MTL_ENABLE_DEBUG_INFO = NO;
				MTL_FAST_MATH = YES;
				SDKROOT = iphoneos;
				SWIFT_COMPILATION_MODE = wholemodule;
				SWIFT_OPTIMIZATION_LEVEL = "-O";
				VALIDATE_PRODUCT = YES;
			};
			name = Release;
		};
		C70AB66229E1595D00B7B54E /* Debug */ = {
			isa = XCBuildConfiguration;
			buildSettings = {
				ASSETCATALOG_COMPILER_APPICON_NAME = AppIcon;
				ASSETCATALOG_COMPILER_GLOBAL_ACCENT_COLOR_NAME = AccentColor;
				CODE_SIGN_STYLE = Automatic;
				CURRENT_PROJECT_VERSION = 1;
				DEVELOPMENT_ASSET_PATHS = "\"MapAppSwiftUI/Preview Content\"";
				DEVELOPMENT_TEAM = 349N583NYU;
				ENABLE_PREVIEWS = YES;
				GENERATE_INFOPLIST_FILE = YES;
				INFOPLIST_KEY_UIApplicationSceneManifest_Generation = YES;
				INFOPLIST_KEY_UIApplicationSupportsIndirectInputEvents = YES;
				INFOPLIST_KEY_UILaunchScreen_Generation = YES;
				INFOPLIST_KEY_UISupportedInterfaceOrientations_iPad = "UIInterfaceOrientationPortrait UIInterfaceOrientationPortraitUpsideDown UIInterfaceOrientationLandscapeLeft UIInterfaceOrientationLandscapeRight";
				INFOPLIST_KEY_UISupportedInterfaceOrientations_iPhone = "UIInterfaceOrientationPortrait UIInterfaceOrientationLandscapeLeft UIInterfaceOrientationLandscapeRight";
				LD_RUNPATH_SEARCH_PATHS = (
					"$(inherited)",
					"@executable_path/Frameworks",
				);
				MARKETING_VERSION = 1.0;
				PRODUCT_BUNDLE_IDENTIFIER = agbabaumut.MapAppSwiftUI;
				PRODUCT_NAME = "$(TARGET_NAME)";
				SWIFT_EMIT_LOC_STRINGS = YES;
				SWIFT_VERSION = 5.0;
				TARGETED_DEVICE_FAMILY = "1,2";
			};
			name = Debug;
		};
		C70AB66329E1595D00B7B54E /* Release */ = {
			isa = XCBuildConfiguration;
			buildSettings = {
				ASSETCATALOG_COMPILER_APPICON_NAME = AppIcon;
				ASSETCATALOG_COMPILER_GLOBAL_ACCENT_COLOR_NAME = AccentColor;
				CODE_SIGN_STYLE = Automatic;
				CURRENT_PROJECT_VERSION = 1;
				DEVELOPMENT_ASSET_PATHS = "\"MapAppSwiftUI/Preview Content\"";
				DEVELOPMENT_TEAM = 349N583NYU;
				ENABLE_PREVIEWS = YES;
				GENERATE_INFOPLIST_FILE = YES;
				INFOPLIST_KEY_UIApplicationSceneManifest_Generation = YES;
				INFOPLIST_KEY_UIApplicationSupportsIndirectInputEvents = YES;
				INFOPLIST_KEY_UILaunchScreen_Generation = YES;
				INFOPLIST_KEY_UISupportedInterfaceOrientations_iPad = "UIInterfaceOrientationPortrait UIInterfaceOrientationPortraitUpsideDown UIInterfaceOrientationLandscapeLeft UIInterfaceOrientationLandscapeRight";
				INFOPLIST_KEY_UISupportedInterfaceOrientations_iPhone = "UIInterfaceOrientationPortrait UIInterfaceOrientationLandscapeLeft UIInterfaceOrientationLandscapeRight";
				LD_RUNPATH_SEARCH_PATHS = (
					"$(inherited)",
					"@executable_path/Frameworks",
				);
				MARKETING_VERSION = 1.0;
				PRODUCT_BUNDLE_IDENTIFIER = agbabaumut.MapAppSwiftUI;
				PRODUCT_NAME = "$(TARGET_NAME)";
				SWIFT_EMIT_LOC_STRINGS = YES;
				SWIFT_VERSION = 5.0;
				TARGETED_DEVICE_FAMILY = "1,2";
			};
			name = Release;
		};
/* End XCBuildConfiguration section */

/* Begin XCConfigurationList section */
		C70AB64E29E1595C00B7B54E /* Build configuration list for PBXProject "MapAppSwiftUI" */ = {
			isa = XCConfigurationList;
			buildConfigurations = (
				C70AB65F29E1595D00B7B54E /* Debug */,
				C70AB66029E1595D00B7B54E /* Release */,
			);
			defaultConfigurationIsVisible = 0;
			defaultConfigurationName = Release;
		};
		C70AB66129E1595D00B7B54E /* Build configuration list for PBXNativeTarget "MapAppSwiftUI" */ = {
			isa = XCConfigurationList;
			buildConfigurations = (
				C70AB66229E1595D00B7B54E /* Debug */,
				C70AB66329E1595D00B7B54E /* Release */,
			);
			defaultConfigurationIsVisible = 0;
			defaultConfigurationName = Release;
		};
/* End XCConfigurationList section */
	};
	rootObject = C70AB64B29E1595C00B7B54E /* Project object */;
}
